
Microsoft Visual Studio Solution File, Format Version 12.00
# Visual Studio 15
VisualStudioVersion = 15.0.26228.4
MinimumVisualStudioVersion = 10.0.40219.1
Project("{FAE04EC0-301F-11D3-BF4B-00C04F79EFBC}") = "MyFirstWebDriverProj", "MyFirstWebDriverProj\MyFirstWebDriverProj.csproj", "{24658E40-1E1E-4B9A-B6B8-9EF7D8B4E8FA}"
EndProject
Global
	GlobalSection(SolutionConfigurationPlatforms) = preSolution
		Debug|Any CPU = Debug|Any CPU
		Release|Any CPU = Release|Any CPU
	EndGlobalSection
	GlobalSection(ProjectConfigurationPlatforms) = postSolution
		{24658E40-1E1E-4B9A-B6B8-9EF7D8B4E8FA}.Debug|Any CPU.ActiveCfg = Debug|Any CPU
		{24658E40-1E1E-4B9A-B6B8-9EF7D8B4E8FA}.Debug|Any CPU.Build.0 = Debug|Any CPU
		{24658E40-1E1E-4B9A-B6B8-9EF7D8B4E8FA}.Release|Any CPU.ActiveCfg = Release|Any CPU
		{24658E40-1E1E-4B9A-B6B8-9EF7D8B4E8FA}.Release|Any CPU.Build.0 = Release|Any CPU
	EndGlobalSection
	GlobalSection(SolutionProperties) = preSolution
		HideSolutionNode = FALSE
	EndGlobalSection
EndGlobal
